block:
  - '.*.driftt.com.*'
  - '.*.drift.com.*'
  - '.*.gemius.pl.*'
  - '.*.hotjar.com.*'
  - '.*.itunes.apple.com.*'
  - '.*.meetrics.net.*'
  - '.*.scorecardresearch.com.*'
  - '.*google-analytics.com.*'
  - '.*.mtalk.google.com.*'
  - '.*.quantserve.com.*'
  - '.*.exactag.com.*'
  - '.*.doubleclick.net.*'
  - '.*.adnxs.com.*'
  - '.*.adform.net.*'
  - '.*.googlesyndication.com.*'
  - '.*.criteo\..*'
  - '.*mtalk.google.com.*'
  - '.*.pushpushgo.com.*'
  - '.*.amazon-adsystem.com.*'
  - '.*adservice.google.*'
  - '.*smartadserver.com.*'
  - '.*.efigence.com.*'
  - '.*.adocean.pl.*'
  - '.*.etargetnet.com.*'
  - '.*.bbelements.com.*'
  - '.*.outbrain.com.*'
  - '.*.outbrainimg.com.*'
  - '.*.onetrust.com.*'
  - '.*.postrelease.com.*'
  - '.*.pubmatic.com.*'
  - '.*.casalemedia.com.*'
  - '.*.adomik.com.*'
  - '.*.ocdn.eu.*'
  - '.*googletagservices..*'
  - '.*ads.linkedin.com.*'
  - '.*.rubiconproject.com.*'
  - '.*.creativecdn.com.*'
  - '.*.snrbox.com.*'
  - '.*.erne.co.*'
  - '.*.ad.360yield.com.*'
  - '.*.gamoshi.io.*'
  - '.*.adscale.de.*'
  - '.*.adxcore.com.*'
  - '.*.bidswitch.net.*'
  - '.*.admanmedia.com.*'
  - '.*.openx.net.*'
  - '.*.everesttech.net.*'
  - '.*.demdex.net.*'
  - '.*.sectigo.com.*'
  - '.*.nsaudience.pl.*'
  - '.*.mmstat.com.*'
  - '.*analytics.twitter.*'
  - '.*.quiet.ly.*'
  - '.*.hs-analytics.net.*'
  - '.*.usemessages.com.*'
  - '.*.truste.com.*'
  - '.*.go-mpulse.net.*'
  - '.*.trustarc.com.*'
  - '.*.truste-svc.net.*'
  - '.*.akstat.io.*'
  - '.*.leadfeeder.com.*'
  - '.*.emsecure.net.*'
  - '.*.moatads.com.*'
  - '.*.powerlinks.com.*'
  - '.*.mfadsrvr.com.*'
  - '.*.adsrvr.org.*'
  - '.*.nr-data.net.*'
  - '.*.crwdcntrl.net.*'
  - '.*.agkn.com.*'
  - '.*.bluekai.com.*'
  - '.*.redintelligence.net.*'
  - '.*.advertising.com.*'
  - '.*.perfectmarket.com.*'
  - '.*.bkrtx.com.*'
  - '.*.edgekey.net.*'
  - '.*.chartbeat..*'
  - '.*.optimizely.com.*'
  - '.*.sharethrough.com.*'
  - '.*.qualtrics.com.*'
  - '.*.cedexis.com.*'
  - '.*.btrll.com.*'
  - '.*.quantcast.com.*'
  - '.*.atwola.com.*'
  - '.*iteratehq.com.*'
  - '.*.2mdn.net.*'
  - '.*.perfdrive.com.*'
  - '.*.quantcount.com.*'
  - '.*.adkernel.com.*'
  - '.*.dotomi.com.*'
  - '.*.consensu.org.*'
  - '.*bttrack.com.*'
  - '.*.branch.io.*'
  - '.*.ctfassets.net.*'
  - '.*.classistatic.com.*'
  - '.*hub.com.pl.*'
  - '.*.iplsc.com.*'
  - '.*.adview.pl.*'
  - '.*.abtshield.com.*'
  - '.*rodo.agora.pl.*'
  - '.*.digitru.st.*'
  - '.*.batuu.pl.*'
  - '.*.onnetwork.tv.*'
  - '.*pix2.services.tvn.pl.*'
  - '.*socialmedia-statistics.tvn24.pl.*'
  - '.*www.googleadservices.com.*'
  - '.*www.googletagmanager.com.*'
  - '.*.waytogrow.eu.*'
  - '.*.wtg-ads.com.*'
  - '.*.usermd.net.*'
  - '.*.prebid.org.*'
  - '.*.pollster.pl.*'
  - '.*.eyeota.net.*'
  - '.*.dtxngr.com.*'
  - '.*.teads.tv.*'
  - '.*.stickyadstv.com.*'
  - '.*.eloqua.com.*'
  - '.*.traq.li.*'
  - '.*.dreamlab.pl.*'
  - '.*.opecloud.com.*'
  - '.*.addtoany.com.*'
  - '.*.salesmanago.pl.*'
  - '.*.audiencemanager.de.*'
  - '.*.nscontext.eu.*'
  - '.*.onthe.io.*'
  - '.*api.deep.bi.*'
  - '.*statsforads.com.*'
  - '.*.madsone.com.*'
  - '.*.adrecover.com.*'
  - '.*.contextweb.com.*'
  - '.*.businessclick.com.*'
  - '.*.clickonometrics.pl.*'
  - '.*.plista.com.*'
  - '.*spolecznosci.net.*'
  - '.*.krxd.net.*'
  - '.*.adsafeprotected.com.*'
  - '.*.imrworldwide.com.*'
  - '.*.gu-web.net.*'
  - '.*nextclick.pl.*'
  - '.*dcs.redcdn.pl.*'
  - '.*.effectivemeasure.net.*'
  - '.*edigitalsurvey.com.*'
  - '.*heapanalytics.com.*'
  - '.*.segment.io.*'
  - '.*.intercom.io.*'
  - '.*.intercomcdn.com.*'
  - '.*.yieldlab.net.*'
  - '.*.doubleverify.com.*'
  - '.*.betrad.com.*'
  - '.*.rlcdn.com.*'
  - '.*.nanovisor.io.*'
  - '.*.sdad.guru.*'
  - '.*.bugsnag.com.*'
  - '.*.addthis.com.*'
  - '.*.addthisedge.com.*'
  - '.*.taplytics.com.*'
  - '.*.sharethis.com.*'
  - '.*sumo.com.*'
  - '.*niblewren.co.*'
  - '.*apenterprise.io.*'
  - '.*.netdna-ssl.com.*'
  - '.*.demandbase.com.*'
  - '.*.wp.com.*'
  - '.*.clicktale.net.*'
  - '.*.report-uri.com.*'
  - '.*.algolia.com.*'
  - '.*.carbonads.*'
  - '.*.atdmt.com.*'
  - '.*.bounceexchange.com.*'
  - '.*.aamapi.com.*'
  - '.*.gigya.com.*'
  - '.*.aamsitecertifier.com.*'
  - '.*.marketo.net.*'
  - '.*tru.am.*'
  - '.*.adition.com.*'
  - '.*.theadex.com.*'
  - '.*.adrtx.net.*'
  - '.*.adalliance.io.*'
  - '.*.xplosion.de.*'
  - '.*.research.de.com.*'
  - '.*.parsely.com.*'
  - '.*.paddle.com.*'
  - '.*.lightstep.com.*'
  - '.*.adroll.com.*'
  - '.*.fusion.com.au.*'
  - '.*.facebook.*'
