block:
  - '.*.driftt.com.*'
  - '.*.drift.com.*'
  - '.*.gemius.pl.*'
  - '.*.hotjar.com.*'
  - '.*.itunes.apple.com.*'
  - '.*.meetrics.net.*'
  - '.*.scorecardresearch.com.*'
  - '.*google-analytics.com.*'
  - '.*.mtalk.google.com.*'
  - '.*.quantserve.com.*'
  - '.*.exactag.com.*'
  - '.*.doubleclick.net.*'
  - '.*.adnxs.com.*'
  - '.*.adform.net.*'
  - '.*.googlesyndication.com.*'
  - '.*.criteo\..*'
  - '.*mtalk.google.com.*'
  - '.*.pushpushgo.com.*'
  - '.*.amazon-adsystem.com.*'
  - '.*adservice.google.*'
  - '.*smartadserver.com.*'
  - '.*.efigence.com.*'
  - '.*.adocean.pl.*'
  - '.*.etargetnet.com.*'
  - '.*.bbelements.com.*'
  - '.*.outbrain.com.*'
  - '.*.outbrainimg.com.*'
  - '.*.onetrust.com.*'
  - '.*.postrelease.com.*'
  - '.*.pubmatic.com.*'
  - '.*.casalemedia.com.*'
  - '.*.adomik.com.*'
  - '.*.ocdn.eu.*'
  - '.*googletagservices..*'
  - '.*ads.linkedin.com.*'
  - '.*.rubiconproject.com.*'
  - '.*.creativecdn.com.*'
  - '.*.snrbox.com.*'
  - '.*.erne.co.*'
  - '.*.ad.360yield.com.*'
  - '.*.gamoshi.io.*'
  - '.*.adscale.de.*'
  - '.*.adxcore.com.*'
  - '.*.bidswitch.net.*'
  - '.*.admanmedia.com.*'
  - '.*.openx.net.*'
  - '.*.everesttech.net.*'
  - '.*.demdex.net.*'
  - '.*.sectigo.com.*'
  - '.*.nsaudience.pl.*'
  - '.*.mmstat.com.*'
  - '.*analytics.twitter.*'
  - '.*.quiet.ly.*'
  - '.*.hs-analytics.net.*'
  - '.*.usemessages.com.*'
  - '.*.truste.com.*'
  - '.*.go-mpulse.net.*'
  - '.*.trustarc.com.*'
  - '.*.truste-svc.net.*'
  - '.*.akstat.io.*'
  - '.*.leadfeeder.com.*'
  - '.*.emsecure.net.*'
  - '.*.moatads.com.*'
  - '.*.powerlinks.com.*'
  - '.*.mfadsrvr.com.*'
  - '.*.adsrvr.org.*'
  - '.*.nr-data.net.*'
  - '.*.crwdcntrl.net.*'
  - '.*.agkn.com.*'
  - '.*.bluekai.com.*'
  - '.*.redintelligence.net.*'
  - '.*.advertising.com.*'
  - '.*.perfectmarket.com.*'
  - '.*.bkrtx.com.*'
  - '.*.edgekey.net.*'
  - '.*.chartbeat.net.*'
  - '.*.optimizely.com.*'
  - '.*.sharethrough.com.*'
  - '.*.qualtrics.com.*'
  - '.*.cedexis.com.*'
  - '.*.btrll.com.*'
  - '.*.quantcast.com.*'
  - '.*.atwola.com.*'
  - '.*iteratehq.com.*'
  - '.*.facebook.*'
